
Microsoft Visual Studio Solution File, Format Version 12.00
Project("{FAE04EC0-301F-11D3-BF4B-00C04F79EFBC}") = "Mythetech.Plugins.Notes", "src\Mythetech.Plugins.Notes\Mythetech.Plugins.Notes.csproj", "{14CF078E-F7A1-48E6-8F75-C62CB97B3EDF}"
EndProject
Project("{FAE04EC0-301F-11D3-BF4B-00C04F79EFBC}") = "Mythetech.Plugins.Notes.Test", "test\Mythetech.Plugins.Notes.Test\Mythetech.Plugins.Notes.Test.csproj", "{C9976E4D-8893-4097-B02B-666C8713EAE5}"
EndProject
Project("{2150E333-8FDC-42A3-9474-1A3956D46DE8}") = "Notes", "Notes", "{A185096A-6692-40D5-95C9-5AC105AB8378}"
EndProject
Project("{2150E333-8FDC-42A3-9474-1A3956D46DE8}") = "Tools", "Tools", "{E9F26D78-2DD9-4610-BE80-C713CE5E0CE6}"
	ProjectSection(SolutionItems) = preProject
		tools\PluginRegistryGenerator.cs = tools\PluginRegistryGenerator.cs
	EndProjectSection
EndProject
Project("{FAE04EC0-301F-11D3-BF4B-00C04F79EFBC}") = "Mythetech.Plugins.PluginTester", "tools\Mythetech.Plugins.PluginTester\Mythetech.Plugins.PluginTester.csproj", "{A8758B0F-25B1-4653-898C-2EBBEDC935F8}"
EndProject
Project("{2150E333-8FDC-42A3-9474-1A3956D46DE8}") = "Games", "Games", "{44CAA7D6-1A4F-4D72-9383-65567C31CCD3}"
EndProject
Project("{FAE04EC0-301F-11D3-BF4B-00C04F79EFBC}") = "Mythetech.Plugins.Games.Test", "test\Mythetech.Plugins.Games.Test\Mythetech.Plugins.Games.Test.csproj", "{66FD686D-CC95-43DE-B427-606F555C3803}"
EndProject
Project("{FAE04EC0-301F-11D3-BF4B-00C04F79EFBC}") = "Mythetech.Plugins.Games", "src\Mythetech.Plugins.Games\Mythetech.Plugins.Games.csproj", "{2A4BEECB-3C58-45A9-B06D-5CF087E75239}"
EndProject
Project("{2150E333-8FDC-42A3-9474-1A3956D46DE8}") = "Agent", "Agent", "{D53A7276-25CC-45C6-90CB-2CB00D4DD2A1}"
EndProject
Project("{FAE04EC0-301F-11D3-BF4B-00C04F79EFBC}") = "Mythetech.Plugins.Agent", "src\Mythetech.Plugins.Agent\Mythetech.Plugins.Agent.csproj", "{42C950CE-51C5-4F81-871D-B4FEA5BF7911}"
EndProject
Global
	GlobalSection(SolutionConfigurationPlatforms) = preSolution
		Debug|Any CPU = Debug|Any CPU
		Release|Any CPU = Release|Any CPU
	EndGlobalSection
	GlobalSection(ProjectConfigurationPlatforms) = postSolution
		{14CF078E-F7A1-48E6-8F75-C62CB97B3EDF}.Debug|Any CPU.ActiveCfg = Debug|Any CPU
		{14CF078E-F7A1-48E6-8F75-C62CB97B3EDF}.Debug|Any CPU.Build.0 = Debug|Any CPU
		{14CF078E-F7A1-48E6-8F75-C62CB97B3EDF}.Release|Any CPU.ActiveCfg = Release|Any CPU
		{14CF078E-F7A1-48E6-8F75-C62CB97B3EDF}.Release|Any CPU.Build.0 = Release|Any CPU
		{C9976E4D-8893-4097-B02B-666C8713EAE5}.Debug|Any CPU.ActiveCfg = Debug|Any CPU
		{C9976E4D-8893-4097-B02B-666C8713EAE5}.Debug|Any CPU.Build.0 = Debug|Any CPU
		{C9976E4D-8893-4097-B02B-666C8713EAE5}.Release|Any CPU.ActiveCfg = Release|Any CPU
		{C9976E4D-8893-4097-B02B-666C8713EAE5}.Release|Any CPU.Build.0 = Release|Any CPU
		{A8758B0F-25B1-4653-898C-2EBBEDC935F8}.Debug|Any CPU.ActiveCfg = Debug|Any CPU
		{A8758B0F-25B1-4653-898C-2EBBEDC935F8}.Debug|Any CPU.Build.0 = Debug|Any CPU
		{A8758B0F-25B1-4653-898C-2EBBEDC935F8}.Release|Any CPU.ActiveCfg = Release|Any CPU
		{A8758B0F-25B1-4653-898C-2EBBEDC935F8}.Release|Any CPU.Build.0 = Release|Any CPU
		{66FD686D-CC95-43DE-B427-606F555C3803}.Debug|Any CPU.ActiveCfg = Debug|Any CPU
		{66FD686D-CC95-43DE-B427-606F555C3803}.Debug|Any CPU.Build.0 = Debug|Any CPU
		{66FD686D-CC95-43DE-B427-606F555C3803}.Release|Any CPU.ActiveCfg = Release|Any CPU
		{66FD686D-CC95-43DE-B427-606F555C3803}.Release|Any CPU.Build.0 = Release|Any CPU
		{2A4BEECB-3C58-45A9-B06D-5CF087E75239}.Debug|Any CPU.ActiveCfg = Debug|Any CPU
		{2A4BEECB-3C58-45A9-B06D-5CF087E75239}.Debug|Any CPU.Build.0 = Debug|Any CPU
		{2A4BEECB-3C58-45A9-B06D-5CF087E75239}.Release|Any CPU.ActiveCfg = Release|Any CPU
		{2A4BEECB-3C58-45A9-B06D-5CF087E75239}.Release|Any CPU.Build.0 = Release|Any CPU
		{42C950CE-51C5-4F81-871D-B4FEA5BF7911}.Debug|Any CPU.ActiveCfg = Debug|Any CPU
		{42C950CE-51C5-4F81-871D-B4FEA5BF7911}.Debug|Any CPU.Build.0 = Debug|Any CPU
		{42C950CE-51C5-4F81-871D-B4FEA5BF7911}.Release|Any CPU.ActiveCfg = Release|Any CPU
		{42C950CE-51C5-4F81-871D-B4FEA5BF7911}.Release|Any CPU.Build.0 = Release|Any CPU
	EndGlobalSection
	GlobalSection(NestedProjects) = preSolution
		{14CF078E-F7A1-48E6-8F75-C62CB97B3EDF} = {A185096A-6692-40D5-95C9-5AC105AB8378}
		{C9976E4D-8893-4097-B02B-666C8713EAE5} = {A185096A-6692-40D5-95C9-5AC105AB8378}
		{A8758B0F-25B1-4653-898C-2EBBEDC935F8} = {E9F26D78-2DD9-4610-BE80-C713CE5E0CE6}
		{66FD686D-CC95-43DE-B427-606F555C3803} = {44CAA7D6-1A4F-4D72-9383-65567C31CCD3}
		{2A4BEECB-3C58-45A9-B06D-5CF087E75239} = {44CAA7D6-1A4F-4D72-9383-65567C31CCD3}
		{42C950CE-51C5-4F81-871D-B4FEA5BF7911} = {D53A7276-25CC-45C6-90CB-2CB00D4DD2A1}
	EndGlobalSection
EndGlobal
